<Solution>
  <Project Path="TaskManagement.Core/TaskManagement.Core.csproj" />
  <Project Path="TaskManagement.Application/TaskManagement.Application.csproj" />
  <Project Path="TaskManagement.Infrastructure/TaskManagement.Infrastructure.csproj" />
  <Project Path="TaskManagement.Api/TaskManagement.Api.csproj" />
</Solution>
